
Microsoft Visual Studio Solution File, Format Version 12.00
# Visual Studio Version 17
VisualStudioVersion = 17.8.34309.116
MinimumVisualStudioVersion = 10.0.40219.1
Project("{9A19103F-16F7-4668-BE54-9A1E7A4F7556}") = "PropertiesAPI", "PropertiesAPI\PropertiesAPI.csproj", "{9E42D306-06ED-44C6-AC67-2BD99EAB5167}"
EndProject
Project("{9A19103F-16F7-4668-BE54-9A1E7A4F7556}") = "DeliveryGuyAPI", "DeliveryGuyAPI\DeliveryGuyAPI.csproj", "{0D7109CC-D067-43C7-B073-640D43559430}"
EndProject
Global
	GlobalSection(SolutionConfigurationPlatforms) = preSolution
		Debug|Any CPU = Debug|Any CPU
		Release|Any CPU = Release|Any CPU
	EndGlobalSection
	GlobalSection(ProjectConfigurationPlatforms) = postSolution
		{9E42D306-06ED-44C6-AC67-2BD99EAB5167}.Debug|Any CPU.ActiveCfg = Debug|Any CPU
		{9E42D306-06ED-44C6-AC67-2BD99EAB5167}.Debug|Any CPU.Build.0 = Debug|Any CPU
		{9E42D306-06ED-44C6-AC67-2BD99EAB5167}.Release|Any CPU.ActiveCfg = Release|Any CPU
		{9E42D306-06ED-44C6-AC67-2BD99EAB5167}.Release|Any CPU.Build.0 = Release|Any CPU
		{0D7109CC-D067-43C7-B073-640D43559430}.Debug|Any CPU.ActiveCfg = Debug|Any CPU
		{0D7109CC-D067-43C7-B073-640D43559430}.Debug|Any CPU.Build.0 = Debug|Any CPU
		{0D7109CC-D067-43C7-B073-640D43559430}.Release|Any CPU.ActiveCfg = Release|Any CPU
		{0D7109CC-D067-43C7-B073-640D43559430}.Release|Any CPU.Build.0 = Release|Any CPU
	EndGlobalSection
	GlobalSection(SolutionProperties) = preSolution
		HideSolutionNode = FALSE
	EndGlobalSection
	GlobalSection(ExtensibilityGlobals) = postSolution
		SolutionGuid = {206E5D0B-343C-4588-8FF6-7A91AE74FB4C}
	EndGlobalSection
EndGlobal
